
Microsoft Visual Studio Solution File, Format Version 12.00
# Visual Studio Version 17
VisualStudioVersion = 17.7.34003.232
MinimumVisualStudioVersion = 10.0.40219.1
Project("{FAE04EC0-301F-11D3-BF4B-00C04F79EFBC}") = "MyOwnServer", "Day2\MyOwnServer.csproj", "{168D7070-8BD9-483D-8922-B4F57D5C407F}"
EndProject
Project("{9A19103F-16F7-4668-BE54-9A1E7A4F7556}") = "Forms_Consumer", "Day3_Consumer\Forms_Consumer.csproj", "{74D29CD5-8808-4057-A167-F37EE89E577F}"
EndProject
Project("{FAE04EC0-301F-11D3-BF4B-00C04F79EFBC}") = "JS_Consumer", "Day3_JSConsumer\JS_Consumer.csproj", "{1CD047EF-4B62-460D-8772-4DC42D6EA123}"
EndProject
Global
	GlobalSection(SolutionConfigurationPlatforms) = preSolution
		Debug|Any CPU = Debug|Any CPU
		Release|Any CPU = Release|Any CPU
	EndGlobalSection
	GlobalSection(ProjectConfigurationPlatforms) = postSolution
		{168D7070-8BD9-483D-8922-B4F57D5C407F}.Debug|Any CPU.ActiveCfg = Debug|Any CPU
		{168D7070-8BD9-483D-8922-B4F57D5C407F}.Debug|Any CPU.Build.0 = Debug|Any CPU
		{168D7070-8BD9-483D-8922-B4F57D5C407F}.Release|Any CPU.ActiveCfg = Release|Any CPU
		{168D7070-8BD9-483D-8922-B4F57D5C407F}.Release|Any CPU.Build.0 = Release|Any CPU
		{74D29CD5-8808-4057-A167-F37EE89E577F}.Debug|Any CPU.ActiveCfg = Debug|Any CPU
		{74D29CD5-8808-4057-A167-F37EE89E577F}.Debug|Any CPU.Build.0 = Debug|Any CPU
		{74D29CD5-8808-4057-A167-F37EE89E577F}.Release|Any CPU.ActiveCfg = Release|Any CPU
		{74D29CD5-8808-4057-A167-F37EE89E577F}.Release|Any CPU.Build.0 = Release|Any CPU
		{1CD047EF-4B62-460D-8772-4DC42D6EA123}.Debug|Any CPU.ActiveCfg = Debug|Any CPU
		{1CD047EF-4B62-460D-8772-4DC42D6EA123}.Debug|Any CPU.Build.0 = Debug|Any CPU
		{1CD047EF-4B62-460D-8772-4DC42D6EA123}.Release|Any CPU.ActiveCfg = Release|Any CPU
		{1CD047EF-4B62-460D-8772-4DC42D6EA123}.Release|Any CPU.Build.0 = Release|Any CPU
	EndGlobalSection
	GlobalSection(SolutionProperties) = preSolution
		HideSolutionNode = FALSE
	EndGlobalSection
	GlobalSection(ExtensibilityGlobals) = postSolution
		SolutionGuid = {F492CED1-E2D7-4050-BA91-AC1B175CDC51}
	EndGlobalSection
EndGlobal
